
Microsoft Visual Studio Solution File, Format Version 12.00
# Visual Studio 15
VisualStudioVersion = 15.0.28307.645
MinimumVisualStudioVersion = 10.0.40219.1
Project("{FAE04EC0-301F-11D3-BF4B-00C04F79EFBC}") = "TrendyolAPITests", "TrendyolAPITests\TrendyolAPITests.csproj", "{1FA33AE3-A531-4F6A-B41D-53AB355A1048}"
EndProject
Global
	GlobalSection(SolutionConfigurationPlatforms) = preSolution
		Debug|Any CPU = Debug|Any CPU
		Release|Any CPU = Release|Any CPU
	EndGlobalSection
	GlobalSection(ProjectConfigurationPlatforms) = postSolution
		{1FA33AE3-A531-4F6A-B41D-53AB355A1048}.Debug|Any CPU.ActiveCfg = Debug|Any CPU
		{1FA33AE3-A531-4F6A-B41D-53AB355A1048}.Debug|Any CPU.Build.0 = Debug|Any CPU
		{1FA33AE3-A531-4F6A-B41D-53AB355A1048}.Release|Any CPU.ActiveCfg = Release|Any CPU
		{1FA33AE3-A531-4F6A-B41D-53AB355A1048}.Release|Any CPU.Build.0 = Release|Any CPU
	EndGlobalSection
	GlobalSection(SolutionProperties) = preSolution
		HideSolutionNode = FALSE
	EndGlobalSection
	GlobalSection(ExtensibilityGlobals) = postSolution
		SolutionGuid = {CE86E421-95BD-424C-8A2F-54C92728B755}
	EndGlobalSection
EndGlobal
